{
  "version": 4,
  "terraform_version": "1.6.2",
  "serial": 17,
  "lineage": "113f291e-10d6-0291-5ffe-7a01021156af",
  "outputs": {},
  "resources": [
    {
      "mode": "data",
      "type": "azurerm_resource_group",
      "name": "rg",
      "provider": "provider[\"registry.terraform.io/hashicorp/azurerm\"]",
      "instances": [
        {
          "schema_version": 0,
          "attributes": {
            "id": "/subscriptions/9ce9178f-171a-4e92-a5b0-4f585c075edd/resourceGroups/bicep-asa-test",
            "location": "switzerlandnorth",
            "managed_by": "",
            "name": "bicep-asa-test",
            "tags": {},
            "timeouts": null
          },
          "sensitive_attributes": []
        }
      ]
    },
    {
      "mode": "managed",
      "type": "azurerm_eventhub",
      "name": "eventhub",
      "provider": "provider[\"registry.terraform.io/hashicorp/azurerm\"]",
      "instances": [
        {
          "schema_version": 0,
          "attributes": {
            "capture_description": [],
            "id": "/subscriptions/9ce9178f-171a-4e92-a5b0-4f585c075edd/resourceGroups/bicep-asa-test/providers/Microsoft.EventHub/namespaces/eventHubNamespacePOIU12/eventhubs/eventhubpoiu12",
            "message_retention": 5,
            "name": "eventhubpoiu12",
            "namespace_name": "eventHubNamespacePOIU12",
            "partition_count": 2,
            "partition_ids": [
              "0",
              "1"
            ],
            "resource_group_name": "bicep-asa-test",
            "status": "Active",
            "timeouts": null
          },
          "sensitive_attributes": [],
          "private": "eyJlMmJmYjczMC1lY2FhLTExZTYtOGY4OC0zNDM2M2JjN2M0YzAiOnsiY3JlYXRlIjoxODAwMDAwMDAwMDAwLCJkZWxldGUiOjE4MDAwMDAwMDAwMDAsInJlYWQiOjMwMDAwMDAwMDAwMCwidXBkYXRlIjoxODAwMDAwMDAwMDAwfX0=",
          "dependencies": [
            "azurerm_eventhub_namespace.eventhub_namespace",
            "data.azurerm_resource_group.rg"
          ]
        }
      ]
    },
    {
      "mode": "managed",
      "type": "azurerm_eventhub_namespace",
      "name": "eventhub_namespace",
      "provider": "provider[\"registry.terraform.io/hashicorp/azurerm\"]",
      "instances": [
        {
          "schema_version": 0,
          "attributes": {
            "auto_inflate_enabled": false,
            "capacity": 1,
            "dedicated_cluster_id": "",
            "default_primary_connection_string": "Endpoint=sb://eventhubnamespacepoiu12.servicebus.windows.net/;SharedAccessKeyName=RootManageSharedAccessKey;SharedAccessKey=Bzwc8rUbCjpUfO2OF85odP9gq7T5Z6Awy+AEhE53ebU=",
            "default_primary_connection_string_alias": "",
            "default_primary_key": "Bzwc8rUbCjpUfO2OF85odP9gq7T5Z6Awy+AEhE53ebU=",
            "default_secondary_connection_string": "Endpoint=sb://eventhubnamespacepoiu12.servicebus.windows.net/;SharedAccessKeyName=RootManageSharedAccessKey;SharedAccessKey=3qo/ykchacaGF1uig//J7MFQzLQjmFa/8+AEhMDhDEs=",
            "default_secondary_connection_string_alias": "",
            "default_secondary_key": "3qo/ykchacaGF1uig//J7MFQzLQjmFa/8+AEhMDhDEs=",
            "id": "/subscriptions/9ce9178f-171a-4e92-a5b0-4f585c075edd/resourceGroups/bicep-asa-test/providers/Microsoft.EventHub/namespaces/eventHubNamespacePOIU12",
            "identity": [],
            "local_authentication_enabled": true,
            "location": "switzerlandnorth",
            "maximum_throughput_units": 0,
            "minimum_tls_version": "1.2",
            "name": "eventHubNamespacePOIU12",
            "network_rulesets": [
              {
                "default_action": "Allow",
                "ip_rule": [],
                "public_network_access_enabled": true,
                "trusted_service_access_enabled": false,
                "virtual_network_rule": []
              }
            ],
            "public_network_access_enabled": true,
            "resource_group_name": "bicep-asa-test",
            "sku": "Standard",
            "tags": {},
            "timeouts": null,
            "zone_redundant": false
          },
          "sensitive_attributes": [],
          "private": "eyJlMmJmYjczMC1lY2FhLTExZTYtOGY4OC0zNDM2M2JjN2M0YzAiOnsiY3JlYXRlIjoxODAwMDAwMDAwMDAwLCJkZWxldGUiOjE4MDAwMDAwMDAwMDAsInJlYWQiOjMwMDAwMDAwMDAwMCwidXBkYXRlIjoxODAwMDAwMDAwMDAwfSwic2NoZW1hX3ZlcnNpb24iOiIwIn0=",
          "dependencies": [
            "data.azurerm_resource_group.rg"
          ]
        }
      ]
    },
    {
      "mode": "managed",
      "type": "azurerm_iothub",
      "name": "iothub",
      "provider": "provider[\"registry.terraform.io/hashicorp/azurerm\"]",
      "instances": [
        {
          "schema_version": 1,
          "attributes": {
            "cloud_to_device": [
              {
                "default_ttl": "PT1H",
                "feedback": [
                  {
                    "lock_duration": "PT1M",
                    "max_delivery_count": 10,
                    "time_to_live": "PT1H"
                  }
                ],
                "max_delivery_count": 10
              }
            ],
            "endpoint": [],
            "enrichment": [],
            "event_hub_events_endpoint": "sb://iothub-ns-iothubpoiu-25340293-5fc1f0e6d3.servicebus.windows.net/",
            "event_hub_events_namespace": "iothub-ns-iothubpoiu-25340293-5fc1f0e6d3",
            "event_hub_events_path": "iothubpoiu12",
            "event_hub_operations_endpoint": null,
            "event_hub_operations_path": null,
            "event_hub_partition_count": 2,
            "event_hub_retention_in_days": 1,
            "fallback_route": [
              {
                "condition": "true",
                "enabled": false,
                "endpoint_names": [
                  "events"
                ],
                "source": "DeviceMessages"
              }
            ],
            "file_upload": [],
            "hostname": "iothubPOIU12.azure-devices.net",
            "id": "/subscriptions/9ce9178f-171a-4e92-a5b0-4f585c075edd/resourceGroups/bicep-asa-test/providers/Microsoft.Devices/iotHubs/iothubPOIU12",
            "identity": [],
            "local_authentication_enabled": true,
            "location": "switzerlandnorth",
            "min_tls_version": "",
            "name": "iothubPOIU12",
            "network_rule_set": [],
            "public_network_access_enabled": null,
            "resource_group_name": "bicep-asa-test",
            "route": [],
            "shared_access_policy": [
              {
                "key_name": "iothubowner",
                "permissions": "RegistryWrite, ServiceConnect, DeviceConnect",
                "primary_key": "L+TNlGYgOUz9k3YkErDta4pg+NzU5LFBwAIoTCB+9ZY=",
                "secondary_key": "bdJ8UgA4qegqumbuHFxqsZHh7R2QkQRdiAIoTOGqrZk="
              },
              {
                "key_name": "service",
                "permissions": "ServiceConnect",
                "primary_key": "wpgFaQ8UcrCLId1cEh9LCycG58NdYji4iAIoTHOi7Bc=",
                "secondary_key": "BsjBmxMdTsiEtb7xApKFxLUBFkCH4mpd/AIoTKkQdtY="
              },
              {
                "key_name": "device",
                "permissions": "DeviceConnect",
                "primary_key": "2TVLZwi+KUWCctYEWCJlEzUEsRAqni3YeAIoTBhAhQM=",
                "secondary_key": "DsLQmmKqZPB3KgtIfdPJ1xbAX4ojnjCNJAIoTD6Ob4c="
              },
              {
                "key_name": "registryRead",
                "permissions": "RegistryRead",
                "primary_key": "4LRaR57/EtXOCA0Zm77C4XfjsxeQNI+BIAIoTI3cNBc=",
                "secondary_key": "LBzE8hBcH+sOHVFCO3OhAvqqKSHvHIedyAIoTGT4xW4="
              },
              {
                "key_name": "registryReadWrite",
                "permissions": "RegistryWrite",
                "primary_key": "iKUjV8ALDuiJqg75IHFV3G1aIEvGBJSvCAIoTOtCJBA=",
                "secondary_key": "hmvz9F2E2/S6BK/OhWPoSTNSyj8PhY3KxAIoTIiqoGk="
              }
            ],
            "sku": [
              {
                "capacity": 1,
                "name": "S1"
              }
            ],
            "tags": {},
            "timeouts": null,
            "type": "Microsoft.Devices/IotHubs"
          },
          "sensitive_attributes": [],
          "private": "eyJlMmJmYjczMC1lY2FhLTExZTYtOGY4OC0zNDM2M2JjN2M0YzAiOnsiY3JlYXRlIjoxODAwMDAwMDAwMDAwLCJkZWxldGUiOjE4MDAwMDAwMDAwMDAsInJlYWQiOjMwMDAwMDAwMDAwMCwidXBkYXRlIjoxODAwMDAwMDAwMDAwfSwic2NoZW1hX3ZlcnNpb24iOiIxIn0=",
          "dependencies": [
            "data.azurerm_resource_group.rg"
          ]
        }
      ]
    },
    {
      "mode": "managed",
      "type": "azurerm_stream_analytics_cluster",
      "name": "asa_cluster",
      "provider": "provider[\"registry.terraform.io/hashicorp/azurerm\"]",
      "instances": [
        {
          "schema_version": 1,
          "attributes": {
            "id": "/subscriptions/9ce9178f-171a-4e92-a5b0-4f585c075edd/resourceGroups/bicep-asa-test/providers/Microsoft.StreamAnalytics/clusters/asaClusterPOIU12",
            "location": "Switzerland North",
            "name": "asaClusterPOIU12",
            "resource_group_name": "bicep-asa-test",
            "streaming_capacity": 36,
            "tags": {},
            "timeouts": null
          },
          "sensitive_attributes": [],
          "private": "eyJlMmJmYjczMC1lY2FhLTExZTYtOGY4OC0zNDM2M2JjN2M0YzAiOnsiY3JlYXRlIjo1NDAwMDAwMDAwMDAwLCJkZWxldGUiOjU0MDAwMDAwMDAwMDAsInJlYWQiOjMwMDAwMDAwMDAwMCwidXBkYXRlIjo1NDAwMDAwMDAwMDAwfSwic2NoZW1hX3ZlcnNpb24iOiIxIn0=",
          "dependencies": [
            "data.azurerm_resource_group.rg"
          ]
        }
      ]
    },
    {
      "mode": "managed",
      "type": "azurerm_stream_analytics_job",
      "name": "asa_job",
      "provider": "provider[\"registry.terraform.io/hashicorp/azurerm\"]",
      "instances": [
        {
          "schema_version": 1,
          "attributes": {
            "compatibility_level": "1.2",
            "content_storage_policy": "SystemAccount",
            "data_locale": "en-GB",
            "events_late_arrival_max_delay_in_seconds": 60,
            "events_out_of_order_max_delay_in_seconds": 50,
            "events_out_of_order_policy": "Adjust",
            "id": "/subscriptions/9ce9178f-171a-4e92-a5b0-4f585c075edd/resourceGroups/bicep-asa-test/providers/Microsoft.StreamAnalytics/streamingJobs/forwardJob",
            "identity": [
              {
                "principal_id": "b1524575-d924-404b-89dc-a3e0d4b86d9f",
                "tenant_id": "ccce7f5e-a35f-4bc3-8e63-b2215e7d14f9",
                "type": "SystemAssigned"
              }
            ],
            "job_id": "2a1c21cf-bddb-4b21-ad64-b586b47c8f5b",
            "job_storage_account": [],
            "location": "switzerlandnorth",
            "name": "forwardJob",
            "output_error_policy": "Drop",
            "resource_group_name": "bicep-asa-test",
            "stream_analytics_cluster_id": "/subscriptions/9ce9178f-171a-4e92-a5b0-4f585c075edd/resourceGroups/bicep-asa-test/providers/Microsoft.StreamAnalytics/clusters/asaClusterPOIU12",
            "streaming_units": 3,
            "tags": {},
            "timeouts": null,
            "transformation_query": "SELECT *\nINTO EventHubOutput\nFROM IoTHubInput",
            "type": "Cloud"
          },
          "sensitive_attributes": [],
          "private": "eyJlMmJmYjczMC1lY2FhLTExZTYtOGY4OC0zNDM2M2JjN2M0YzAiOnsiY3JlYXRlIjoxODAwMDAwMDAwMDAwLCJkZWxldGUiOjE4MDAwMDAwMDAwMDAsInJlYWQiOjMwMDAwMDAwMDAwMCwidXBkYXRlIjoxODAwMDAwMDAwMDAwfSwic2NoZW1hX3ZlcnNpb24iOiIxIn0=",
          "dependencies": [
            "azurerm_stream_analytics_cluster.asa_cluster",
            "data.azurerm_resource_group.rg"
          ]
        }
      ]
    },
    {
      "mode": "managed",
      "type": "azurerm_stream_analytics_output_eventhub",
      "name": "eventhub_output",
      "provider": "provider[\"registry.terraform.io/hashicorp/azurerm\"]",
      "instances": [
        {
          "schema_version": 1,
          "attributes": {
            "authentication_mode": "ConnectionString",
            "eventhub_name": "eventhubpoiu12",
            "id": "/subscriptions/9ce9178f-171a-4e92-a5b0-4f585c075edd/resourceGroups/bicep-asa-test/providers/Microsoft.StreamAnalytics/streamingJobs/forwardJob/outputs/EventHubOutput",
            "name": "EventHubOutput",
            "partition_key": "",
            "property_columns": [],
            "resource_group_name": "bicep-asa-test",
            "serialization": [
              {
                "encoding": "",
                "field_delimiter": "",
                "format": "",
                "type": "Avro"
              }
            ],
            "servicebus_namespace": "eventHubNamespacePOIU12",
            "shared_access_policy_key": "Bzwc8rUbCjpUfO2OF85odP9gq7T5Z6Awy+AEhE53ebU=",
            "shared_access_policy_name": "RootManageSharedAccessKey",
            "stream_analytics_job_name": "forwardJob",
            "timeouts": null
          },
          "sensitive_attributes": [
            [
              {
                "type": "get_attr",
                "value": "shared_access_policy_key"
              }
            ]
          ],
          "private": "eyJlMmJmYjczMC1lY2FhLTExZTYtOGY4OC0zNDM2M2JjN2M0YzAiOnsiY3JlYXRlIjoxODAwMDAwMDAwMDAwLCJkZWxldGUiOjE4MDAwMDAwMDAwMDAsInJlYWQiOjMwMDAwMDAwMDAwMCwidXBkYXRlIjoxODAwMDAwMDAwMDAwfSwic2NoZW1hX3ZlcnNpb24iOiIxIn0=",
          "dependencies": [
            "azurerm_eventhub.eventhub",
            "azurerm_eventhub_namespace.eventhub_namespace",
            "azurerm_stream_analytics_cluster.asa_cluster",
            "azurerm_stream_analytics_job.asa_job",
            "data.azurerm_resource_group.rg"
          ]
        }
      ]
    },
    {
      "mode": "managed",
      "type": "azurerm_stream_analytics_stream_input_iothub",
      "name": "iot_input",
      "provider": "provider[\"registry.terraform.io/hashicorp/azurerm\"]",
      "instances": [
        {
          "schema_version": 1,
          "attributes": {
            "endpoint": "messages/events",
            "eventhub_consumer_group_name": "$Default",
            "id": "/subscriptions/9ce9178f-171a-4e92-a5b0-4f585c075edd/resourceGroups/bicep-asa-test/providers/Microsoft.StreamAnalytics/streamingJobs/forwardJob/inputs/IoTHubInput",
            "iothub_namespace": "iothubPOIU12",
            "name": "IoTHubInput",
            "resource_group_name": "bicep-asa-test",
            "serialization": [
              {
                "encoding": "UTF8",
                "field_delimiter": "",
                "type": "Json"
              }
            ],
            "shared_access_policy_key": "L+TNlGYgOUz9k3YkErDta4pg+NzU5LFBwAIoTCB+9ZY=",
            "shared_access_policy_name": "iothubowner",
            "stream_analytics_job_name": "forwardJob",
            "timeouts": null
          },
          "sensitive_attributes": [],
          "private": "eyJlMmJmYjczMC1lY2FhLTExZTYtOGY4OC0zNDM2M2JjN2M0YzAiOnsiY3JlYXRlIjoxODAwMDAwMDAwMDAwLCJkZWxldGUiOjE4MDAwMDAwMDAwMDAsInJlYWQiOjMwMDAwMDAwMDAwMCwidXBkYXRlIjoxODAwMDAwMDAwMDAwfSwic2NoZW1hX3ZlcnNpb24iOiIxIn0=",
          "dependencies": [
            "azurerm_iothub.iothub",
            "azurerm_stream_analytics_cluster.asa_cluster",
            "azurerm_stream_analytics_job.asa_job",
            "data.azurerm_resource_group.rg"
          ]
        }
      ]
    }
  ],
  "check_results": null
}
